
Microsoft Visual Studio Solution File, Format Version 12.00
# Visual Studio Version 16
VisualStudioVersion = 16.0.29911.84
MinimumVisualStudioVersion = 10.0.40219.1
Project("{FAE04EC0-301F-11D3-BF4B-00C04F79EFBC}") = "Mocking", "Mocking.csproj", "{490EC87F-A0A6-4DF3-A84E-8EEE9FD029D3}"
EndProject
Project("{FAE04EC0-301F-11D3-BF4B-00C04F79EFBC}") = "MockTesting", "..\MockTesting\MockTesting.csproj", "{64A910A4-D046-4723-AB2D-2DA291FF05CC}"
EndProject
Global
	GlobalSection(SolutionConfigurationPlatforms) = preSolution
		Debug|Any CPU = Debug|Any CPU
		Release|Any CPU = Release|Any CPU
	EndGlobalSection
	GlobalSection(ProjectConfigurationPlatforms) = postSolution
		{490EC87F-A0A6-4DF3-A84E-8EEE9FD029D3}.Debug|Any CPU.ActiveCfg = Debug|Any CPU
		{490EC87F-A0A6-4DF3-A84E-8EEE9FD029D3}.Debug|Any CPU.Build.0 = Debug|Any CPU
		{490EC87F-A0A6-4DF3-A84E-8EEE9FD029D3}.Release|Any CPU.ActiveCfg = Release|Any CPU
		{490EC87F-A0A6-4DF3-A84E-8EEE9FD029D3}.Release|Any CPU.Build.0 = Release|Any CPU
		{64A910A4-D046-4723-AB2D-2DA291FF05CC}.Debug|Any CPU.ActiveCfg = Debug|Any CPU
		{64A910A4-D046-4723-AB2D-2DA291FF05CC}.Debug|Any CPU.Build.0 = Debug|Any CPU
		{64A910A4-D046-4723-AB2D-2DA291FF05CC}.Release|Any CPU.ActiveCfg = Release|Any CPU
		{64A910A4-D046-4723-AB2D-2DA291FF05CC}.Release|Any CPU.Build.0 = Release|Any CPU
	EndGlobalSection
	GlobalSection(SolutionProperties) = preSolution
		HideSolutionNode = FALSE
	EndGlobalSection
	GlobalSection(ExtensibilityGlobals) = postSolution
		SolutionGuid = {DB2D4147-3C54-4E1D-AD67-16457ECCAB6C}
	EndGlobalSection
EndGlobal
